// !$*UTF8*$!
{
	archiveVersion = 1;
	classes = {
	};
	objectVersion = 48;
	objects = {

/* Begin PBXBuildFile section */
		F328F40F1FA4D550005DBBCC /* CustomDataTypes.swift in Sources */ = {isa = PBXBuildFile; fileRef = F328F40E1FA4D550005DBBCC /* CustomDataTypes.swift */; };
		F328F4111FA64D3C005DBBCC /* Meme.swift in Sources */ = {isa = PBXBuildFile; fileRef = F328F4101FA64D3C005DBBCC /* Meme.swift */; };
		F34931681FAFA5C400B76DE2 /* UIViewController+Utils.swift in Sources */ = {isa = PBXBuildFile; fileRef = F34931671FAFA5C400B76DE2 /* UIViewController+Utils.swift */; };
		F349316E1FAFB0A900B76DE2 /* CameraViewController+SetupInterface.swift in Sources */ = {isa = PBXBuildFile; fileRef = F349316D1FAFB0A900B76DE2 /* CameraViewController+SetupInterface.swift */; };
		F34931701FAFB0D700B76DE2 /* CameraViewController+ModifyInterface.swift in Sources */ = {isa = PBXBuildFile; fileRef = F349316F1FAFB0D700B76DE2 /* CameraViewController+ModifyInterface.swift */; };
		F397FB5A1FA18C4B0039FD0B /* CameraViewController+UIImagePickerControllerDelegate.swift in Sources */ = {isa = PBXBuildFile; fileRef = F397FB591FA18C4B0039FD0B /* CameraViewController+UIImagePickerControllerDelegate.swift */; };
		F3AA5AA91F970D6700B21683 /* AppDelegate.swift in Sources */ = {isa = PBXBuildFile; fileRef = F3AA5AA81F970D6700B21683 /* AppDelegate.swift */; };
		F3AA5AAB1F970D6700B21683 /* CameraViewController.swift in Sources */ = {isa = PBXBuildFile; fileRef = F3AA5AAA1F970D6700B21683 /* CameraViewController.swift */; };
		F3AA5AAE1F970D6700B21683 /* Main.storyboard in Resources */ = {isa = PBXBuildFile; fileRef = F3AA5AAC1F970D6700B21683 /* Main.storyboard */; };
		F3AA5AB31F970D6700B21683 /* LaunchScreen.storyboard in Resources */ = {isa = PBXBuildFile; fileRef = F3AA5AB11F970D6700B21683 /* LaunchScreen.storyboard */; };
		F3AA5ABC1F985CD700B21683 /* Assets.xcassets in Resources */ = {isa = PBXBuildFile; fileRef = F3AA5ABB1F985CD700B21683 /* Assets.xcassets */; };
		F3AA5ABE1F9C576200B21683 /* CameraViewController+CapturePhoto.swift in Sources */ = {isa = PBXBuildFile; fileRef = F3AA5ABD1F9C576200B21683 /* CameraViewController+CapturePhoto.swift */; };
/* End PBXBuildFile section */

/* Begin PBXFileReference section */
		F328F40E1FA4D550005DBBCC /* CustomDataTypes.swift */ = {isa = PBXFileReference; lastKnownFileType = sourcecode.swift; path = CustomDataTypes.swift; sourceTree = "<group>"; };
		F328F4101FA64D3C005DBBCC /* Meme.swift */ = {isa = PBXFileReference; lastKnownFileType = sourcecode.swift; path = Meme.swift; sourceTree = "<group>"; };
		F34931671FAFA5C400B76DE2 /* UIViewController+Utils.swift */ = {isa = PBXFileReference; lastKnownFileType = sourcecode.swift; path = "UIViewController+Utils.swift"; sourceTree = "<group>"; };
		F349316D1FAFB0A900B76DE2 /* CameraViewController+SetupInterface.swift */ = {isa = PBXFileReference; lastKnownFileType = sourcecode.swift; path = "CameraViewController+SetupInterface.swift"; sourceTree = "<group>"; };
		F349316F1FAFB0D700B76DE2 /* CameraViewController+ModifyInterface.swift */ = {isa = PBXFileReference; lastKnownFileType = sourcecode.swift; path = "CameraViewController+ModifyInterface.swift"; sourceTree = "<group>"; };
		F397FB591FA18C4B0039FD0B /* CameraViewController+UIImagePickerControllerDelegate.swift */ = {isa = PBXFileReference; lastKnownFileType = sourcecode.swift; path = "CameraViewController+UIImagePickerControllerDelegate.swift"; sourceTree = "<group>"; };
		F3AA5AA51F970D6700B21683 /* MemeMe.app */ = {isa = PBXFileReference; explicitFileType = wrapper.application; includeInIndex = 0; path = MemeMe.app; sourceTree = BUILT_PRODUCTS_DIR; };
		F3AA5AA81F970D6700B21683 /* AppDelegate.swift */ = {isa = PBXFileReference; lastKnownFileType = sourcecode.swift; path = AppDelegate.swift; sourceTree = "<group>"; };
		F3AA5AAA1F970D6700B21683 /* CameraViewController.swift */ = {isa = PBXFileReference; lastKnownFileType = sourcecode.swift; path = CameraViewController.swift; sourceTree = "<group>"; };
		F3AA5AAD1F970D6700B21683 /* Base */ = {isa = PBXFileReference; lastKnownFileType = file.storyboard; name = Base; path = Base.lproj/Main.storyboard; sourceTree = "<group>"; };
		F3AA5AB21F970D6700B21683 /* Base */ = {isa = PBXFileReference; lastKnownFileType = file.storyboard; name = Base; path = Base.lproj/LaunchScreen.storyboard; sourceTree = "<group>"; };
		F3AA5AB41F970D6700B21683 /* Info.plist */ = {isa = PBXFileReference; lastKnownFileType = text.plist.xml; path = Info.plist; sourceTree = "<group>"; };
		F3AA5ABB1F985CD700B21683 /* Assets.xcassets */ = {isa = PBXFileReference; lastKnownFileType = folder.assetcatalog; path = Assets.xcassets; sourceTree = "<group>"; };
		F3AA5ABD1F9C576200B21683 /* CameraViewController+CapturePhoto.swift */ = {isa = PBXFileReference; lastKnownFileType = sourcecode.swift; path = "CameraViewController+CapturePhoto.swift"; sourceTree = "<group>"; };
/* End PBXFileReference section */

/* Begin PBXFrameworksBuildPhase section */
		F3AA5AA21F970D6700B21683 /* Frameworks */ = {
			isa = PBXFrameworksBuildPhase;
			buildActionMask = 2147483647;
			files = (
			);
			runOnlyForDeploymentPostprocessing = 0;
		};
/* End PBXFrameworksBuildPhase section */

/* Begin PBXGroup section */
		F34931661FAFA5A300B76DE2 /* Utils */ = {
			isa = PBXGroup;
			children = (
				F34931671FAFA5C400B76DE2 /* UIViewController+Utils.swift */,
			);
			path = Utils;
			sourceTree = "<group>";
		};
		F397FB361FA181EF0039FD0B /* Model */ = {
			isa = PBXGroup;
			children = (
				F328F40E1FA4D550005DBBCC /* CustomDataTypes.swift */,
				F328F4101FA64D3C005DBBCC /* Meme.swift */,
			);
			path = Model;
			sourceTree = "<group>";
		};
		F397FB371FA182140039FD0B /* Controller */ = {
			isa = PBXGroup;
			children = (
				F34931661FAFA5A300B76DE2 /* Utils */,
				F397FB391FA1823B0039FD0B /* CameraView */,
			);
			path = Controller;
			sourceTree = "<group>";
		};
		F397FB381FA1821A0039FD0B /* Storyboards */ = {
			isa = PBXGroup;
			children = (
				F3AA5AAC1F970D6700B21683 /* Main.storyboard */,
				F3AA5AB11F970D6700B21683 /* LaunchScreen.storyboard */,
			);
			path = Storyboards;
			sourceTree = "<group>";
		};
		F397FB391FA1823B0039FD0B /* CameraView */ = {
			isa = PBXGroup;
			children = (
				F3AA5AAA1F970D6700B21683 /* CameraViewController.swift */,
				F349316D1FAFB0A900B76DE2 /* CameraViewController+SetupInterface.swift */,
				F349316F1FAFB0D700B76DE2 /* CameraViewController+ModifyInterface.swift */,
				F3AA5ABD1F9C576200B21683 /* CameraViewController+CapturePhoto.swift */,
				F397FB591FA18C4B0039FD0B /* CameraViewController+UIImagePickerControllerDelegate.swift */,
			);
			path = CameraView;
			sourceTree = "<group>";
		};
		F397FB3A1FA182570039FD0B /* Assets */ = {
			isa = PBXGroup;
			children = (
				F3AA5ABB1F985CD700B21683 /* Assets.xcassets */,
			);
			path = Assets;
			sourceTree = "<group>";
		};
		F3AA5A9C1F970D6600B21683 = {
			isa = PBXGroup;
			children = (
				F3AA5AA71F970D6700B21683 /* MemeMe */,
				F3AA5AA61F970D6700B21683 /* Products */,
			);
			sourceTree = "<group>";
		};
		F3AA5AA61F970D6700B21683 /* Products */ = {
			isa = PBXGroup;
			children = (
				F3AA5AA51F970D6700B21683 /* MemeMe.app */,
			);
			name = Products;
			sourceTree = "<group>";
		};
		F3AA5AA71F970D6700B21683 /* MemeMe */ = {
			isa = PBXGroup;
			children = (
				F397FB3A1FA182570039FD0B /* Assets */,
				F397FB361FA181EF0039FD0B /* Model */,
				F397FB381FA1821A0039FD0B /* Storyboards */,
				F397FB371FA182140039FD0B /* Controller */,
				F3AA5AA81F970D6700B21683 /* AppDelegate.swift */,
				F3AA5AB41F970D6700B21683 /* Info.plist */,
			);
			path = MemeMe;
			sourceTree = "<group>";
		};
/* End PBXGroup section */

/* Begin PBXNativeTarget section */
		F3AA5AA41F970D6700B21683 /* MemeMe */ = {
			isa = PBXNativeTarget;
			buildConfigurationList = F3AA5AB71F970D6700B21683 /* Build configuration list for PBXNativeTarget "MemeMe" */;
			buildPhases = (
				F3AA5AA11F970D6700B21683 /* Sources */,
				F3AA5AA21F970D6700B21683 /* Frameworks */,
				F3AA5AA31F970D6700B21683 /* Resources */,
			);
			buildRules = (
			);
			dependencies = (
			);
			name = MemeMe;
			productName = MemeMe;
			productReference = F3AA5AA51F970D6700B21683 /* MemeMe.app */;
			productType = "com.apple.product-type.application";
		};
/* End PBXNativeTarget section */

/* Begin PBXProject section */
		F3AA5A9D1F970D6600B21683 /* Project object */ = {
			isa = PBXProject;
			attributes = {
				LastSwiftUpdateCheck = 0900;
				LastUpgradeCheck = 0900;
				ORGANIZATIONNAME = Omeileo;
				TargetAttributes = {
					F3AA5AA41F970D6700B21683 = {
						CreatedOnToolsVersion = 9.0;
						ProvisioningStyle = Automatic;
					};
				};
			};
			buildConfigurationList = F3AA5AA01F970D6600B21683 /* Build configuration list for PBXProject "MemeMe" */;
			compatibilityVersion = "Xcode 8.0";
			developmentRegion = en;
			hasScannedForEncodings = 0;
			knownRegions = (
				en,
				Base,
			);
			mainGroup = F3AA5A9C1F970D6600B21683;
			productRefGroup = F3AA5AA61F970D6700B21683 /* Products */;
			projectDirPath = "";
			projectRoot = "";
			targets = (
				F3AA5AA41F970D6700B21683 /* MemeMe */,
			);
		};
/* End PBXProject section */

/* Begin PBXResourcesBuildPhase section */
		F3AA5AA31F970D6700B21683 /* Resources */ = {
			isa = PBXResourcesBuildPhase;
			buildActionMask = 2147483647;
			files = (
				F3AA5AB31F970D6700B21683 /* LaunchScreen.storyboard in Resources */,
				F3AA5ABC1F985CD700B21683 /* Assets.xcassets in Resources */,
				F3AA5AAE1F970D6700B21683 /* Main.storyboard in Resources */,
			);
			runOnlyForDeploymentPostprocessing = 0;
		};
/* End PBXResourcesBuildPhase section */

/* Begin PBXSourcesBuildPhase section */
		F3AA5AA11F970D6700B21683 /* Sources */ = {
			isa = PBXSourcesBuildPhase;
			buildActionMask = 2147483647;
			files = (
				F328F40F1FA4D550005DBBCC /* CustomDataTypes.swift in Sources */,
				F349316E1FAFB0A900B76DE2 /* CameraViewController+SetupInterface.swift in Sources */,
				F3AA5ABE1F9C576200B21683 /* CameraViewController+CapturePhoto.swift in Sources */,
				F34931681FAFA5C400B76DE2 /* UIViewController+Utils.swift in Sources */,
				F3AA5AAB1F970D6700B21683 /* CameraViewController.swift in Sources */,
				F328F4111FA64D3C005DBBCC /* Meme.swift in Sources */,
				F397FB5A1FA18C4B0039FD0B /* CameraViewController+UIImagePickerControllerDelegate.swift in Sources */,
				F3AA5AA91F970D6700B21683 /* AppDelegate.swift in Sources */,
				F34931701FAFB0D700B76DE2 /* CameraViewController+ModifyInterface.swift in Sources */,
			);
			runOnlyForDeploymentPostprocessing = 0;
		};
/* End PBXSourcesBuildPhase section */

/* Begin PBXVariantGroup section */
		F3AA5AAC1F970D6700B21683 /* Main.storyboard */ = {
			isa = PBXVariantGroup;
			children = (
				F3AA5AAD1F970D6700B21683 /* Base */,
			);
			name = Main.storyboard;
			sourceTree = "<group>";
		};
		F3AA5AB11F970D6700B21683 /* LaunchScreen.storyboard */ = {
			isa = PBXVariantGroup;
			children = (
				F3AA5AB21F970D6700B21683 /* Base */,
			);
			name = LaunchScreen.storyboard;
			sourceTree = "<group>";
		};
/* End PBXVariantGroup section */

/* Begin XCBuildConfiguration section */
		F3AA5AB51F970D6700B21683 /* Debug */ = {
			isa = XCBuildConfiguration;
			buildSettings = {
				ALWAYS_SEARCH_USER_PATHS = NO;
				CLANG_ANALYZER_NONNULL = YES;
				CLANG_ANALYZER_NUMBER_OBJECT_CONVERSION = YES_AGGRESSIVE;
				CLANG_CXX_LANGUAGE_STANDARD = "gnu++14";
				CLANG_CXX_LIBRARY = "libc++";
				CLANG_ENABLE_MODULES = YES;
				CLANG_ENABLE_OBJC_ARC = YES;
				CLANG_WARN_BLOCK_CAPTURE_AUTORELEASING = YES;
				CLANG_WARN_BOOL_CONVERSION = YES;
				CLANG_WARN_COMMA = YES;
				CLANG_WARN_CONSTANT_CONVERSION = YES;
				CLANG_WARN_DIRECT_OBJC_ISA_USAGE = YES_ERROR;
				CLANG_WARN_DOCUMENTATION_COMMENTS = YES;
				CLANG_WARN_EMPTY_BODY = YES;
				CLANG_WARN_ENUM_CONVERSION = YES;
				CLANG_WARN_INFINITE_RECURSION = YES;
				CLANG_WARN_INT_CONVERSION = YES;
				CLANG_WARN_NON_LITERAL_NULL_CONVERSION = YES;
				CLANG_WARN_OBJC_LITERAL_CONVERSION = YES;
				CLANG_WARN_OBJC_ROOT_CLASS = YES_ERROR;
				CLANG_WARN_RANGE_LOOP_ANALYSIS = YES;
				CLANG_WARN_STRICT_PROTOTYPES = YES;
				CLANG_WARN_SUSPICIOUS_MOVE = YES;
				CLANG_WARN_UNGUARDED_AVAILABILITY = YES_AGGRESSIVE;
				CLANG_WARN_UNREACHABLE_CODE = YES;
				CLANG_WARN__DUPLICATE_METHOD_MATCH = YES;
				CODE_SIGN_IDENTITY = "iPhone Developer";
				COPY_PHASE_STRIP = NO;
				DEBUG_INFORMATION_FORMAT = dwarf;
				ENABLE_STRICT_OBJC_MSGSEND = YES;
				ENABLE_TESTABILITY = YES;
				GCC_C_LANGUAGE_STANDARD = gnu11;
				GCC_DYNAMIC_NO_PIC = NO;
				GCC_NO_COMMON_BLOCKS = YES;
				GCC_OPTIMIZATION_LEVEL = 0;
				GCC_PREPROCESSOR_DEFINITIONS = (
					"DEBUG=1",
					"$(inherited)",
				);
				GCC_WARN_64_TO_32_BIT_CONVERSION = YES;
				GCC_WARN_ABOUT_RETURN_TYPE = YES_ERROR;
				GCC_WARN_UNDECLARED_SELECTOR = YES;
				GCC_WARN_UNINITIALIZED_AUTOS = YES_AGGRESSIVE;
				GCC_WARN_UNUSED_FUNCTION = YES;
				GCC_WARN_UNUSED_VARIABLE = YES;
				IPHONEOS_DEPLOYMENT_TARGET = 11.0;
				MTL_ENABLE_DEBUG_INFO = YES;
				ONLY_ACTIVE_ARCH = YES;
				SDKROOT = iphoneos;
				SWIFT_ACTIVE_COMPILATION_CONDITIONS = DEBUG;
				SWIFT_OPTIMIZATION_LEVEL = "-Onone";
			};
			name = Debug;
		};
		F3AA5AB61F970D6700B21683 /* Release */ = {
			isa = XCBuildConfiguration;
			buildSettings = {
				ALWAYS_SEARCH_USER_PATHS = NO;
				CLANG_ANALYZER_NONNULL = YES;
				CLANG_ANALYZER_NUMBER_OBJECT_CONVERSION = YES_AGGRESSIVE;
				CLANG_CXX_LANGUAGE_STANDARD = "gnu++14";
				CLANG_CXX_LIBRARY = "libc++";
				CLANG_ENABLE_MODULES = YES;
				CLANG_ENABLE_OBJC_ARC = YES;
				CLANG_WARN_BLOCK_CAPTURE_AUTORELEASING = YES;
				CLANG_WARN_BOOL_CONVERSION = YES;
				CLANG_WARN_COMMA = YES;
				CLANG_WARN_CONSTANT_CONVERSION = YES;
				CLANG_WARN_DIRECT_OBJC_ISA_USAGE = YES_ERROR;
				CLANG_WARN_DOCUMENTATION_COMMENTS = YES;
				CLANG_WARN_EMPTY_BODY = YES;
				CLANG_WARN_ENUM_CONVERSION = YES;
				CLANG_WARN_INFINITE_RECURSION = YES;
				CLANG_WARN_INT_CONVERSION = YES;
				CLANG_WARN_NON_LITERAL_NULL_CONVERSION = YES;
				CLANG_WARN_OBJC_LITERAL_CONVERSION = YES;
				CLANG_WARN_OBJC_ROOT_CLASS = YES_ERROR;
				CLANG_WARN_RANGE_LOOP_ANALYSIS = YES;
				CLANG_WARN_STRICT_PROTOTYPES = YES;
				CLANG_WARN_SUSPICIOUS_MOVE = YES;
				CLANG_WARN_UNGUARDED_AVAILABILITY = YES_AGGRESSIVE;
				CLANG_WARN_UNREACHABLE_CODE = YES;
				CLANG_WARN__DUPLICATE_METHOD_MATCH = YES;
				CODE_SIGN_IDENTITY = "iPhone Developer";
				COPY_PHASE_STRIP = NO;
				DEBUG_INFORMATION_FORMAT = "dwarf-with-dsym";
				ENABLE_NS_ASSERTIONS = NO;
				ENABLE_STRICT_OBJC_MSGSEND = YES;
				GCC_C_LANGUAGE_STANDARD = gnu11;
				GCC_NO_COMMON_BLOCKS = YES;
				GCC_WARN_64_TO_32_BIT_CONVERSION = YES;
				GCC_WARN_ABOUT_RETURN_TYPE = YES_ERROR;
				GCC_WARN_UNDECLARED_SELECTOR = YES;
				GCC_WARN_UNINITIALIZED_AUTOS = YES_AGGRESSIVE;
				GCC_WARN_UNUSED_FUNCTION = YES;
				GCC_WARN_UNUSED_VARIABLE = YES;
				IPHONEOS_DEPLOYMENT_TARGET = 11.0;
				MTL_ENABLE_DEBUG_INFO = NO;
				SDKROOT = iphoneos;
				SWIFT_OPTIMIZATION_LEVEL = "-Owholemodule";
				VALIDATE_PRODUCT = YES;
			};
			name = Release;
		};
		F3AA5AB81F970D6700B21683 /* Debug */ = {
			isa = XCBuildConfiguration;
			buildSettings = {
				ASSETCATALOG_COMPILER_APPICON_NAME = AppIcon;
				ASSETCATALOG_COMPILER_LAUNCHIMAGE_NAME = LaunchImage;
				CODE_SIGN_STYLE = Automatic;
				DEVELOPMENT_TEAM = ZPFHBBTQY8;
				INFOPLIST_FILE = MemeMe/Info.plist;
				LD_RUNPATH_SEARCH_PATHS = "$(inherited) @executable_path/Frameworks";
				PRODUCT_BUNDLE_IDENTIFIER = com.omeileo.MemeMe;
				PRODUCT_NAME = "$(TARGET_NAME)";
				SWIFT_VERSION = 4.0;
				TARGETED_DEVICE_FAMILY = "1,2";
			};
			name = Debug;
		};
		F3AA5AB91F970D6700B21683 /* Release */ = {
			isa = XCBuildConfiguration;
			buildSettings = {
				ASSETCATALOG_COMPILER_APPICON_NAME = AppIcon;
				ASSETCATALOG_COMPILER_LAUNCHIMAGE_NAME = LaunchImage;
				CODE_SIGN_STYLE = Automatic;
				DEVELOPMENT_TEAM = ZPFHBBTQY8;
				INFOPLIST_FILE = MemeMe/Info.plist;
				LD_RUNPATH_SEARCH_PATHS = "$(inherited) @executable_path/Frameworks";
				PRODUCT_BUNDLE_IDENTIFIER = com.omeileo.MemeMe;
				PRODUCT_NAME = "$(TARGET_NAME)";
				SWIFT_VERSION = 4.0;
				TARGETED_DEVICE_FAMILY = "1,2";
			};
			name = Release;
		};
/* End XCBuildConfiguration section */

/* Begin XCConfigurationList section */
		F3AA5AA01F970D6600B21683 /* Build configuration list for PBXProject "MemeMe" */ = {
			isa = XCConfigurationList;
			buildConfigurations = (
				F3AA5AB51F970D6700B21683 /* Debug */,
				F3AA5AB61F970D6700B21683 /* Release */,
			);
			defaultConfigurationIsVisible = 0;
			defaultConfigurationName = Release;
		};
		F3AA5AB71F970D6700B21683 /* Build configuration list for PBXNativeTarget "MemeMe" */ = {
			isa = XCConfigurationList;
			buildConfigurations = (
				F3AA5AB81F970D6700B21683 /* Debug */,
				F3AA5AB91F970D6700B21683 /* Release */,
			);
			defaultConfigurationIsVisible = 0;
			defaultConfigurationName = Release;
		};
/* End XCConfigurationList section */
	};
	rootObject = F3AA5A9D1F970D6600B21683 /* Project object */;
}
